
Microsoft Visual Studio Solution File, Format Version 12.00
# Visual Studio Version 17
VisualStudioVersion = 17.0.31903.59
MinimumVisualStudioVersion = 10.0.40219.1
Project("{2150E333-8FDC-42A3-9474-1A3956D46DE8}") = "src", "src", "{827E0CD3-B72D-47B6-A68D-7590B98EB39B}"
EndProject
Project("{FAE04EC0-301F-11D3-BF4B-00C04F79EFBC}") = "TradingEngine.Domain", "src\TradingEngine.Domain\TradingEngine.Domain.csproj", "{4BA2E9A7-55FF-4F92-9D91-D2D46CC887ED}"
EndProject
Project("{FAE04EC0-301F-11D3-BF4B-00C04F79EFBC}") = "TradingEngine.MarketData", "src\TradingEngine.MarketData\TradingEngine.MarketData.csproj", "{A9F807EA-67DF-41D5-BF14-E76087730EEC}"
EndProject
Project("{FAE04EC0-301F-11D3-BF4B-00C04F79EFBC}") = "TradingEngine.Strategies", "src\TradingEngine.Strategies\TradingEngine.Strategies.csproj", "{90C3932C-448D-4DBC-9637-9F4361D55B7B}"
EndProject
Project("{FAE04EC0-301F-11D3-BF4B-00C04F79EFBC}") = "TradingEngine.Execution", "src\TradingEngine.Execution\TradingEngine.Execution.csproj", "{72BFC8E2-1E26-4FEC-B32C-D6E03B822A32}"
EndProject
Project("{FAE04EC0-301F-11D3-BF4B-00C04F79EFBC}") = "TradingEngine.Risk", "src\TradingEngine.Risk\TradingEngine.Risk.csproj", "{140A85B0-EF38-49A5-AAE4-61E2D5A0B6FE}"
EndProject
Project("{FAE04EC0-301F-11D3-BF4B-00C04F79EFBC}") = "TradingEngine.Infrastructure", "src\TradingEngine.Infrastructure\TradingEngine.Infrastructure.csproj", "{D2EDD2D9-F134-420A-A87E-1589C2CE1D45}"
EndProject
Project("{FAE04EC0-301F-11D3-BF4B-00C04F79EFBC}") = "TradingEngine.Console", "src\TradingEngine.Console\TradingEngine.Console.csproj", "{A6F447A9-62CC-4483-B196-B2231DD1290B}"
EndProject
Project("{2150E333-8FDC-42A3-9474-1A3956D46DE8}") = "tests", "tests", "{0AB3BF05-4346-4AA6-1389-037BE0695223}"
EndProject
Project("{FAE04EC0-301F-11D3-BF4B-00C04F79EFBC}") = "TradingEngine.UnitTests", "tests\TradingEngine.UnitTests\TradingEngine.UnitTests.csproj", "{8129A065-9EC3-4B56-8BBA-490E76798CD0}"
EndProject
Global
	GlobalSection(SolutionConfigurationPlatforms) = preSolution
		Debug|Any CPU = Debug|Any CPU
		Debug|x64 = Debug|x64
		Debug|x86 = Debug|x86
		Release|Any CPU = Release|Any CPU
		Release|x64 = Release|x64
		Release|x86 = Release|x86
	EndGlobalSection
	GlobalSection(ProjectConfigurationPlatforms) = postSolution
		{4BA2E9A7-55FF-4F92-9D91-D2D46CC887ED}.Debug|Any CPU.ActiveCfg = Debug|Any CPU
		{4BA2E9A7-55FF-4F92-9D91-D2D46CC887ED}.Debug|Any CPU.Build.0 = Debug|Any CPU
		{4BA2E9A7-55FF-4F92-9D91-D2D46CC887ED}.Debug|x64.ActiveCfg = Debug|Any CPU
		{4BA2E9A7-55FF-4F92-9D91-D2D46CC887ED}.Debug|x64.Build.0 = Debug|Any CPU
		{4BA2E9A7-55FF-4F92-9D91-D2D46CC887ED}.Debug|x86.ActiveCfg = Debug|Any CPU
		{4BA2E9A7-55FF-4F92-9D91-D2D46CC887ED}.Debug|x86.Build.0 = Debug|Any CPU
		{4BA2E9A7-55FF-4F92-9D91-D2D46CC887ED}.Release|Any CPU.ActiveCfg = Release|Any CPU
		{4BA2E9A7-55FF-4F92-9D91-D2D46CC887ED}.Release|Any CPU.Build.0 = Release|Any CPU
		{4BA2E9A7-55FF-4F92-9D91-D2D46CC887ED}.Release|x64.ActiveCfg = Release|Any CPU
		{4BA2E9A7-55FF-4F92-9D91-D2D46CC887ED}.Release|x64.Build.0 = Release|Any CPU
		{4BA2E9A7-55FF-4F92-9D91-D2D46CC887ED}.Release|x86.ActiveCfg = Release|Any CPU
		{4BA2E9A7-55FF-4F92-9D91-D2D46CC887ED}.Release|x86.Build.0 = Release|Any CPU
		{A9F807EA-67DF-41D5-BF14-E76087730EEC}.Debug|Any CPU.ActiveCfg = Debug|Any CPU
		{A9F807EA-67DF-41D5-BF14-E76087730EEC}.Debug|Any CPU.Build.0 = Debug|Any CPU
		{A9F807EA-67DF-41D5-BF14-E76087730EEC}.Debug|x64.ActiveCfg = Debug|Any CPU
		{A9F807EA-67DF-41D5-BF14-E76087730EEC}.Debug|x64.Build.0 = Debug|Any CPU
		{A9F807EA-67DF-41D5-BF14-E76087730EEC}.Debug|x86.ActiveCfg = Debug|Any CPU
		{A9F807EA-67DF-41D5-BF14-E76087730EEC}.Debug|x86.Build.0 = Debug|Any CPU
		{A9F807EA-67DF-41D5-BF14-E76087730EEC}.Release|Any CPU.ActiveCfg = Release|Any CPU
		{A9F807EA-67DF-41D5-BF14-E76087730EEC}.Release|Any CPU.Build.0 = Release|Any CPU
		{A9F807EA-67DF-41D5-BF14-E76087730EEC}.Release|x64.ActiveCfg = Release|Any CPU
		{A9F807EA-67DF-41D5-BF14-E76087730EEC}.Release|x64.Build.0 = Release|Any CPU
		{A9F807EA-67DF-41D5-BF14-E76087730EEC}.Release|x86.ActiveCfg = Release|Any CPU
		{A9F807EA-67DF-41D5-BF14-E76087730EEC}.Release|x86.Build.0 = Release|Any CPU
		{90C3932C-448D-4DBC-9637-9F4361D55B7B}.Debug|Any CPU.ActiveCfg = Debug|Any CPU
		{90C3932C-448D-4DBC-9637-9F4361D55B7B}.Debug|Any CPU.Build.0 = Debug|Any CPU
		{90C3932C-448D-4DBC-9637-9F4361D55B7B}.Debug|x64.ActiveCfg = Debug|Any CPU
		{90C3932C-448D-4DBC-9637-9F4361D55B7B}.Debug|x64.Build.0 = Debug|Any CPU
		{90C3932C-448D-4DBC-9637-9F4361D55B7B}.Debug|x86.ActiveCfg = Debug|Any CPU
		{90C3932C-448D-4DBC-9637-9F4361D55B7B}.Debug|x86.Build.0 = Debug|Any CPU
		{90C3932C-448D-4DBC-9637-9F4361D55B7B}.Release|Any CPU.ActiveCfg = Release|Any CPU
		{90C3932C-448D-4DBC-9637-9F4361D55B7B}.Release|Any CPU.Build.0 = Release|Any CPU
		{90C3932C-448D-4DBC-9637-9F4361D55B7B}.Release|x64.ActiveCfg = Release|Any CPU
		{90C3932C-448D-4DBC-9637-9F4361D55B7B}.Release|x64.Build.0 = Release|Any CPU
		{90C3932C-448D-4DBC-9637-9F4361D55B7B}.Release|x86.ActiveCfg = Release|Any CPU
		{90C3932C-448D-4DBC-9637-9F4361D55B7B}.Release|x86.Build.0 = Release|Any CPU
		{72BFC8E2-1E26-4FEC-B32C-D6E03B822A32}.Debug|Any CPU.ActiveCfg = Debug|Any CPU
		{72BFC8E2-1E26-4FEC-B32C-D6E03B822A32}.Debug|Any CPU.Build.0 = Debug|Any CPU
		{72BFC8E2-1E26-4FEC-B32C-D6E03B822A32}.Debug|x64.ActiveCfg = Debug|Any CPU
		{72BFC8E2-1E26-4FEC-B32C-D6E03B822A32}.Debug|x64.Build.0 = Debug|Any CPU
		{72BFC8E2-1E26-4FEC-B32C-D6E03B822A32}.Debug|x86.ActiveCfg = Debug|Any CPU
		{72BFC8E2-1E26-4FEC-B32C-D6E03B822A32}.Debug|x86.Build.0 = Debug|Any CPU
		{72BFC8E2-1E26-4FEC-B32C-D6E03B822A32}.Release|Any CPU.ActiveCfg = Release|Any CPU
		{72BFC8E2-1E26-4FEC-B32C-D6E03B822A32}.Release|Any CPU.Build.0 = Release|Any CPU
		{72BFC8E2-1E26-4FEC-B32C-D6E03B822A32}.Release|x64.ActiveCfg = Release|Any CPU
		{72BFC8E2-1E26-4FEC-B32C-D6E03B822A32}.Release|x64.Build.0 = Release|Any CPU
		{72BFC8E2-1E26-4FEC-B32C-D6E03B822A32}.Release|x86.ActiveCfg = Release|Any CPU
		{72BFC8E2-1E26-4FEC-B32C-D6E03B822A32}.Release|x86.Build.0 = Release|Any CPU
		{140A85B0-EF38-49A5-AAE4-61E2D5A0B6FE}.Debug|Any CPU.ActiveCfg = Debug|Any CPU
		{140A85B0-EF38-49A5-AAE4-61E2D5A0B6FE}.Debug|Any CPU.Build.0 = Debug|Any CPU
		{140A85B0-EF38-49A5-AAE4-61E2D5A0B6FE}.Debug|x64.ActiveCfg = Debug|Any CPU
		{140A85B0-EF38-49A5-AAE4-61E2D5A0B6FE}.Debug|x64.Build.0 = Debug|Any CPU
		{140A85B0-EF38-49A5-AAE4-61E2D5A0B6FE}.Debug|x86.ActiveCfg = Debug|Any CPU
		{140A85B0-EF38-49A5-AAE4-61E2D5A0B6FE}.Debug|x86.Build.0 = Debug|Any CPU
		{140A85B0-EF38-49A5-AAE4-61E2D5A0B6FE}.Release|Any CPU.ActiveCfg = Release|Any CPU
		{140A85B0-EF38-49A5-AAE4-61E2D5A0B6FE}.Release|Any CPU.Build.0 = Release|Any CPU
		{140A85B0-EF38-49A5-AAE4-61E2D5A0B6FE}.Release|x64.ActiveCfg = Release|Any CPU
		{140A85B0-EF38-49A5-AAE4-61E2D5A0B6FE}.Release|x64.Build.0 = Release|Any CPU
		{140A85B0-EF38-49A5-AAE4-61E2D5A0B6FE}.Release|x86.ActiveCfg = Release|Any CPU
		{140A85B0-EF38-49A5-AAE4-61E2D5A0B6FE}.Release|x86.Build.0 = Release|Any CPU
		{D2EDD2D9-F134-420A-A87E-1589C2CE1D45}.Debug|Any CPU.ActiveCfg = Debug|Any CPU
		{D2EDD2D9-F134-420A-A87E-1589C2CE1D45}.Debug|Any CPU.Build.0 = Debug|Any CPU
		{D2EDD2D9-F134-420A-A87E-1589C2CE1D45}.Debug|x64.ActiveCfg = Debug|Any CPU
		{D2EDD2D9-F134-420A-A87E-1589C2CE1D45}.Debug|x64.Build.0 = Debug|Any CPU
		{D2EDD2D9-F134-420A-A87E-1589C2CE1D45}.Debug|x86.ActiveCfg = Debug|Any CPU
		{D2EDD2D9-F134-420A-A87E-1589C2CE1D45}.Debug|x86.Build.0 = Debug|Any CPU
		{D2EDD2D9-F134-420A-A87E-1589C2CE1D45}.Release|Any CPU.ActiveCfg = Release|Any CPU
		{D2EDD2D9-F134-420A-A87E-1589C2CE1D45}.Release|Any CPU.Build.0 = Release|Any CPU
		{D2EDD2D9-F134-420A-A87E-1589C2CE1D45}.Release|x64.ActiveCfg = Release|Any CPU
		{D2EDD2D9-F134-420A-A87E-1589C2CE1D45}.Release|x64.Build.0 = Release|Any CPU
		{D2EDD2D9-F134-420A-A87E-1589C2CE1D45}.Release|x86.ActiveCfg = Release|Any CPU
		{D2EDD2D9-F134-420A-A87E-1589C2CE1D45}.Release|x86.Build.0 = Release|Any CPU
		{A6F447A9-62CC-4483-B196-B2231DD1290B}.Debug|Any CPU.ActiveCfg = Debug|Any CPU
		{A6F447A9-62CC-4483-B196-B2231DD1290B}.Debug|Any CPU.Build.0 = Debug|Any CPU
		{A6F447A9-62CC-4483-B196-B2231DD1290B}.Debug|x64.ActiveCfg = Debug|Any CPU
		{A6F447A9-62CC-4483-B196-B2231DD1290B}.Debug|x64.Build.0 = Debug|Any CPU
		{A6F447A9-62CC-4483-B196-B2231DD1290B}.Debug|x86.ActiveCfg = Debug|Any CPU
		{A6F447A9-62CC-4483-B196-B2231DD1290B}.Debug|x86.Build.0 = Debug|Any CPU
		{A6F447A9-62CC-4483-B196-B2231DD1290B}.Release|Any CPU.ActiveCfg = Release|Any CPU
		{A6F447A9-62CC-4483-B196-B2231DD1290B}.Release|Any CPU.Build.0 = Release|Any CPU
		{A6F447A9-62CC-4483-B196-B2231DD1290B}.Release|x64.ActiveCfg = Release|Any CPU
		{A6F447A9-62CC-4483-B196-B2231DD1290B}.Release|x64.Build.0 = Release|Any CPU
		{A6F447A9-62CC-4483-B196-B2231DD1290B}.Release|x86.ActiveCfg = Release|Any CPU
		{A6F447A9-62CC-4483-B196-B2231DD1290B}.Release|x86.Build.0 = Release|Any CPU
		{8129A065-9EC3-4B56-8BBA-490E76798CD0}.Debug|Any CPU.ActiveCfg = Debug|Any CPU
		{8129A065-9EC3-4B56-8BBA-490E76798CD0}.Debug|Any CPU.Build.0 = Debug|Any CPU
		{8129A065-9EC3-4B56-8BBA-490E76798CD0}.Debug|x64.ActiveCfg = Debug|Any CPU
		{8129A065-9EC3-4B56-8BBA-490E76798CD0}.Debug|x64.Build.0 = Debug|Any CPU
		{8129A065-9EC3-4B56-8BBA-490E76798CD0}.Debug|x86.ActiveCfg = Debug|Any CPU
		{8129A065-9EC3-4B56-8BBA-490E76798CD0}.Debug|x86.Build.0 = Debug|Any CPU
		{8129A065-9EC3-4B56-8BBA-490E76798CD0}.Release|Any CPU.ActiveCfg = Release|Any CPU
		{8129A065-9EC3-4B56-8BBA-490E76798CD0}.Release|Any CPU.Build.0 = Release|Any CPU
		{8129A065-9EC3-4B56-8BBA-490E76798CD0}.Release|x64.ActiveCfg = Release|Any CPU
		{8129A065-9EC3-4B56-8BBA-490E76798CD0}.Release|x64.Build.0 = Release|Any CPU
		{8129A065-9EC3-4B56-8BBA-490E76798CD0}.Release|x86.ActiveCfg = Release|Any CPU
		{8129A065-9EC3-4B56-8BBA-490E76798CD0}.Release|x86.Build.0 = Release|Any CPU
	EndGlobalSection
	GlobalSection(SolutionProperties) = preSolution
		HideSolutionNode = FALSE
	EndGlobalSection
	GlobalSection(NestedProjects) = preSolution
		{4BA2E9A7-55FF-4F92-9D91-D2D46CC887ED} = {827E0CD3-B72D-47B6-A68D-7590B98EB39B}
		{A9F807EA-67DF-41D5-BF14-E76087730EEC} = {827E0CD3-B72D-47B6-A68D-7590B98EB39B}
		{90C3932C-448D-4DBC-9637-9F4361D55B7B} = {827E0CD3-B72D-47B6-A68D-7590B98EB39B}
		{72BFC8E2-1E26-4FEC-B32C-D6E03B822A32} = {827E0CD3-B72D-47B6-A68D-7590B98EB39B}
		{140A85B0-EF38-49A5-AAE4-61E2D5A0B6FE} = {827E0CD3-B72D-47B6-A68D-7590B98EB39B}
		{D2EDD2D9-F134-420A-A87E-1589C2CE1D45} = {827E0CD3-B72D-47B6-A68D-7590B98EB39B}
		{A6F447A9-62CC-4483-B196-B2231DD1290B} = {827E0CD3-B72D-47B6-A68D-7590B98EB39B}
		{8129A065-9EC3-4B56-8BBA-490E76798CD0} = {0AB3BF05-4346-4AA6-1389-037BE0695223}
	EndGlobalSection
EndGlobal
